
Microsoft Visual Studio Solution File, Format Version 12.00
# Visual Studio Version 16
VisualStudioVersion = 16.0.31702.278
MinimumVisualStudioVersion = 10.0.40219.1
Project("{FAE04EC0-301F-11D3-BF4B-00C04F79EFBC}") = "Aula228_LINQ_Lambda", "Aula228_LINQ_Lambda\Aula228_LINQ_Lambda.csproj", "{953BF559-CBAE-4632-A7E1-089998A996E3}"
EndProject
Global
	GlobalSection(SolutionConfigurationPlatforms) = preSolution
		Debug|Any CPU = Debug|Any CPU
		Release|Any CPU = Release|Any CPU
	EndGlobalSection
	GlobalSection(ProjectConfigurationPlatforms) = postSolution
		{953BF559-CBAE-4632-A7E1-089998A996E3}.Debug|Any CPU.ActiveCfg = Debug|Any CPU
		{953BF559-CBAE-4632-A7E1-089998A996E3}.Debug|Any CPU.Build.0 = Debug|Any CPU
		{953BF559-CBAE-4632-A7E1-089998A996E3}.Release|Any CPU.ActiveCfg = Release|Any CPU
		{953BF559-CBAE-4632-A7E1-089998A996E3}.Release|Any CPU.Build.0 = Release|Any CPU
	EndGlobalSection
	GlobalSection(SolutionProperties) = preSolution
		HideSolutionNode = FALSE
	EndGlobalSection
	GlobalSection(ExtensibilityGlobals) = postSolution
		SolutionGuid = {987119C6-0B2C-47CE-884F-157BFBA73FCE}
	EndGlobalSection
EndGlobal
